
Microsoft Visual Studio Solution File, Format Version 12.00
Project("{FAE04EC0-301F-11D3-BF4B-00C04F79EFBC}") = "Advent of Code 2024", "Advent of Code 2024\Advent of Code 2024.csproj", "{4A872549-18B1-44AB-95DB-265D20F7F716}"
EndProject
Global
	GlobalSection(SolutionConfigurationPlatforms) = preSolution
		Debug|Any CPU = Debug|Any CPU
		Release|Any CPU = Release|Any CPU
	EndGlobalSection
	GlobalSection(ProjectConfigurationPlatforms) = postSolution
		{4A872549-18B1-44AB-95DB-265D20F7F716}.Debug|Any CPU.ActiveCfg = Debug|Any CPU
		{4A872549-18B1-44AB-95DB-265D20F7F716}.Debug|Any CPU.Build.0 = Debug|Any CPU
		{4A872549-18B1-44AB-95DB-265D20F7F716}.Release|Any CPU.ActiveCfg = Release|Any CPU
		{4A872549-18B1-44AB-95DB-265D20F7F716}.Release|Any CPU.Build.0 = Release|Any CPU
	EndGlobalSection
EndGlobal
